lockfileVersion: '6.0'

settings:
  autoInstallPeers: true
  excludeLinksFromLockfile: false

dependencies:
  react:
    specifier: ^18.2.0
    version: 18.2.0
  react-dom:
    specifier: ^18.2.0
    version: 18.2.0(react@18.2.0)

devDependencies:
  '@types/react':
    specifier: ^18.2.43
    version: 18.2.43
  '@types/react-dom':
    specifier: ^18.2.17
    version: 18.2.17
  '@vitejs/plugin-react':
    specifier: ^4.2.1
    version: 4.2.1(vite@5.0.8)
  typescript:
    specifier: ^5.2.2
    version: 5.2.2
  vite:
    specifier: ^5.0.8
    version: 5.0.8
